<?xml version="1.0" encoding="utf-8"?>
<Project ToolsVersion="4.0" xmlns="http://schemas.microsoft.com/developer/msbuild/2003">
  <ItemGroup>
    <Filter Include="Kernel">
      <UniqueIdentifier>{75c3d2a1-475c-471e-8908-acdd83f6f2f3}</UniqueIdentifier>
    </Filter>
    <Filter Include="Parser">
      <UniqueIdentifier>{a92ac789-2ba5-4679-b430-0cbaaab0a1c7}</UniqueIdentifier>
    </Filter>
    <Filter Include="Parser\TinyXML">
      <UniqueIdentifier>{ad6efa61-4260-4b52-84d6-f5b0bae39f29}</UniqueIdentifier>
    </Filter>
  </ItemGroup>
  <ItemGroup>
    <ClCompile Include="StdAfx.cpp">
      <Filter>Kernel</Filter>
    </ClCompile>
    <ClCompile Include="xrXMLParser.cpp">
      <Filter>Parser</Filter>
    </ClCompile>
    <ClCompile Include="tinystr.cpp">
      <Filter>Parser\TinyXML</Filter>
    </ClCompile>
    <ClCompile Include="tinyxml.cpp">
      <Filter>Parser\TinyXML</Filter>
    </ClCompile>
    <ClCompile Include="tinyxmlerror.cpp">
      <Filter>Parser\TinyXML</Filter>
    </ClCompile>
    <ClCompile Include="tinyxmlparser.cpp">
      <Filter>Parser\TinyXML</Filter>
    </ClCompile>
  </ItemGroup>
  <ItemGroup>
    <ClInclude Include="stdafx.h">
      <Filter>Kernel</Filter>
    </ClInclude>
    <ClInclude Include="xrXMLParser.h">
      <Filter>Parser</Filter>
    </ClInclude>
    <ClInclude Include="tinystr.h">
      <Filter>Parser\TinyXML</Filter>
    </ClInclude>
    <ClInclude Include="tinyxml.h">
      <Filter>Parser\TinyXML</Filter>
    </ClInclude>
  </ItemGroup>
</Project>