<?xml version="1.0" encoding="utf-8"?>
<Project ToolsVersion="4.0" xmlns="http://schemas.microsoft.com/developer/msbuild/2003">
  <ItemGroup>
    <Filter Include="Kernel">
      <UniqueIdentifier>{24c38ba4-123e-43fd-bf4f-abf3563baa66}</UniqueIdentifier>
    </Filter>
    <Filter Include="Shared Files">
      <UniqueIdentifier>{8849b06d-4db0-4c52-a92b-aeab885321aa}</UniqueIdentifier>
    </Filter>
    <Filter Include="Shared Files\Engine">
      <UniqueIdentifier>{76223387-3f28-4f19-9616-4c206fd68d74}</UniqueIdentifier>
    </Filter>
    <Filter Include="Shared Files\Editor">
      <UniqueIdentifier>{af2d602c-8224-4599-a904-20b654a76695}</UniqueIdentifier>
    </Filter>
    <Filter Include="Shared Files\Plugins">
      <UniqueIdentifier>{70a29d38-ae4b-4de4-a6b7-7f226b480ff8}</UniqueIdentifier>
    </Filter>
    <Filter Include="Shader">
      <UniqueIdentifier>{a00de45b-1daf-4097-8551-daadcda70f58}</UniqueIdentifier>
    </Filter>
  </ItemGroup>
  <ItemGroup>
    <ClCompile Include="Material\stdafx.cpp">
      <Filter>Kernel</Filter>
    </ClCompile>
    <ClCompile Include="..\Shared\GameMtlLib.cpp">
      <Filter>Shared Files\Engine</Filter>
    </ClCompile>
    <ClCompile Include="..\Shared\ELog.cpp">
      <Filter>Shared Files\Editor</Filter>
    </ClCompile>
    <ClCompile Include="..\Shared\BlenderListLoader.cpp">
      <Filter>Shared Files\Plugins</Filter>
    </ClCompile>
    <ClCompile Include="Material\crc16.cpp">
      <Filter>Shader</Filter>
    </ClCompile>
    <ClCompile Include="Material\lambertShader.cpp">
      <Filter>Shader</Filter>
    </ClCompile>
  </ItemGroup>
  <ItemGroup>
    <None Include="Material\AElambertShaderTemplate.mel">
      <Filter>Shader</Filter>
    </None>
    <None Include="Material\AEXRayMtlTemplate.mel">
      <Filter>Shader</Filter>
    </None>
  </ItemGroup>
  <ItemGroup>
    <CustomBuildStep Include="Material\Stdafx.h">
      <Filter>Kernel</Filter>
    </CustomBuildStep>
    <CustomBuildStep Include="Material\GameMtlLib.h">
      <Filter>Shared Files\Engine</Filter>
    </CustomBuildStep>
    <CustomBuildStep Include="Material\Shader_xrLC.h">
      <Filter>Shared Files\Engine</Filter>
    </CustomBuildStep>
    <CustomBuildStep Include="Material\ELog.h">
      <Filter>Shared Files\Editor</Filter>
    </CustomBuildStep>
    <CustomBuildStep Include="Material\BlenderListLoader.h">
      <Filter>Shared Files\Plugins</Filter>
    </CustomBuildStep>
  </ItemGroup>
</Project>