<?xml version="1.0" encoding="utf-8"?>
<Project ToolsVersion="4.0" xmlns="http://schemas.microsoft.com/developer/msbuild/2003">
  <ItemGroup>
    <Filter Include="Kernel">
      <UniqueIdentifier>{3a37b10b-478f-49d6-9e6f-932a81405f35}</UniqueIdentifier>
    </Filter>
    <Filter Include="Shared Files">
      <UniqueIdentifier>{3c1351a4-3d3c-43f3-8a7f-ba0e4afb2756}</UniqueIdentifier>
    </Filter>
    <Filter Include="Shared Files\Engine">
      <UniqueIdentifier>{f2aa87fe-8a9f-4d57-968a-dd66d5b94a0f}</UniqueIdentifier>
    </Filter>
    <Filter Include="Shared Files\Editor">
      <UniqueIdentifier>{cda6af33-6b9d-4d77-aece-40227056568a}</UniqueIdentifier>
    </Filter>
    <Filter Include="Export">
      <UniqueIdentifier>{531915db-4fe3-44af-b34f-6daa4d01eede}</UniqueIdentifier>
    </Filter>
    <Filter Include="Export\Skin">
      <UniqueIdentifier>{f4269fef-a93e-40b8-8bf7-25d404551634}</UniqueIdentifier>
    </Filter>
    <Filter Include="Export\Object">
      <UniqueIdentifier>{ed849990-0da6-4fd8-bb1c-c1bf6e4f1ec6}</UniqueIdentifier>
    </Filter>
  </ItemGroup>
  <ItemGroup>
    <ClCompile Include="Export\stdafx.cpp">
      <Filter>Kernel</Filter>
    </ClCompile>
    <ClCompile Include="Export\XRayExport.cpp">
      <Filter>Kernel</Filter>
    </ClCompile>
    <ClCompile Include="..\Shared\bone.cpp">
      <Filter>Shared Files\Engine</Filter>
    </ClCompile>
    <ClCompile Include="..\Shared\Envelope.cpp">
      <Filter>Shared Files\Engine</Filter>
    </ClCompile>
    <ClCompile Include="..\Shared\interp.cpp">
      <Filter>Shared Files\Engine</Filter>
    </ClCompile>
    <ClCompile Include="..\Shared\motion.cpp">
      <Filter>Shared Files\Engine</Filter>
    </ClCompile>
    <ClCompile Include="..\Shared\EditMesh.cpp">
      <Filter>Shared Files\Editor</Filter>
    </ClCompile>
    <ClCompile Include="..\Shared\EditMeshIO.cpp">
      <Filter>Shared Files\Editor</Filter>
    </ClCompile>
    <ClCompile Include="..\Shared\EditMeshModify.cpp">
      <Filter>Shared Files\Editor</Filter>
    </ClCompile>
    <ClCompile Include="..\Shared\EditObject.cpp">
      <Filter>Shared Files\Editor</Filter>
    </ClCompile>
    <ClCompile Include="..\Shared\EditObjectIO.cpp">
      <Filter>Shared Files\Editor</Filter>
    </ClCompile>
    <ClCompile Include="..\Shared\EditObjectMotions.cpp">
      <Filter>Shared Files\Editor</Filter>
    </ClCompile>
    <ClCompile Include="..\Shared\ELog.cpp">
      <Filter>Shared Files\Editor</Filter>
    </ClCompile>
    <ClCompile Include="Export\ExportDefines.cpp">
      <Filter>Export</Filter>
    </ClCompile>
    <ClCompile Include="Export\SmdBone.cpp">
      <Filter>Export\Skin</Filter>
    </ClCompile>
    <ClCompile Include="Export\SmdMaya.cpp">
      <Filter>Export\Skin</Filter>
    </ClCompile>
    <ClCompile Include="Export\SmdTriangle.cpp">
      <Filter>Export\Skin</Filter>
    </ClCompile>
    <ClCompile Include="Export\maTranslator.cpp">
      <Filter>Export\Object</Filter>
    </ClCompile>
    <ClCompile Include="Export\MayaExport.cpp">
      <Filter>Export\Object</Filter>
    </ClCompile>
  </ItemGroup>
  <ItemGroup>
    <ClInclude Include="Export\Stdafx.h">
      <Filter>Kernel</Filter>
    </ClInclude>
    <ClInclude Include="..\Shared\bone.h">
      <Filter>Shared Files\Engine</Filter>
    </ClInclude>
    <ClInclude Include="..\Shared\envelope.h">
      <Filter>Shared Files\Engine</Filter>
    </ClInclude>
    <ClInclude Include="Export\Fmesh.h">
      <Filter>Shared Files\Engine</Filter>
    </ClInclude>
    <ClInclude Include="..\Shared\motion.h">
      <Filter>Shared Files\Engine</Filter>
    </ClInclude>
    <ClInclude Include="..\Shared\EditMesh.h">
      <Filter>Shared Files\Editor</Filter>
    </ClInclude>
    <ClInclude Include="..\Shared\EditObject.h">
      <Filter>Shared Files\Editor</Filter>
    </ClInclude>
    <ClInclude Include="..\Shared\ELog.h">
      <Filter>Shared Files\Editor</Filter>
    </ClInclude>
    <ClInclude Include="Export\motion.h">
      <Filter>Shared Files\Editor</Filter>
    </ClInclude>
    <ClInclude Include="Export\ExportDefines.h">
      <Filter>Export</Filter>
    </ClInclude>
  </ItemGroup>
  <ItemGroup>
    <None Include="Export\xraySkinExportOptions.mel">
      <Filter>Export\Skin</Filter>
    </None>
    <None Include="Export\xraySkinMotionExportOptions.mel">
      <Filter>Export\Skin</Filter>
    </None>
    <None Include="Export\xrayObjectExportOptions.mel">
      <Filter>Export\Object</Filter>
    </None>
  </ItemGroup>
  <ItemGroup>
    <CustomBuild Include="Export\SmdBone.h">
      <Filter>Export\Skin</Filter>
    </CustomBuild>
    <CustomBuild Include="Export\SmdMaya.h">
      <Filter>Export\Skin</Filter>
    </CustomBuild>
    <CustomBuild Include="Export\SmdTriangle.h">
      <Filter>Export\Skin</Filter>
    </CustomBuild>
    <CustomBuild Include="Export\maTranslator.h">
      <Filter>Export\Object</Filter>
    </CustomBuild>
  </ItemGroup>
</Project>