<?xml version="1.0" encoding="utf-8"?>
<Project ToolsVersion="4.0" xmlns="http://schemas.microsoft.com/developer/msbuild/2003">
  <ItemGroup>
    <Filter Include="Kernel">
      <UniqueIdentifier>{bfdcafa7-8da1-433e-9998-feacdf24f4ae}</UniqueIdentifier>
    </Filter>
    <Filter Include="Shared Files">
      <UniqueIdentifier>{02cfb753-1a80-45a8-a573-4237f1094b56}</UniqueIdentifier>
    </Filter>
    <Filter Include="Shared Files\Engine">
      <UniqueIdentifier>{b298ad3d-042c-46ab-b20a-57b682d80a3c}</UniqueIdentifier>
    </Filter>
    <Filter Include="Shared Files\Editor">
      <UniqueIdentifier>{f65eaf13-3fe7-4cd4-b4db-c20022c7c28a}</UniqueIdentifier>
    </Filter>
    <Filter Include="Shared Files\Plugins">
      <UniqueIdentifier>{6c197ba7-86fd-47fb-b44a-41b3bc539ca3}</UniqueIdentifier>
    </Filter>
    <Filter Include="Shader">
      <UniqueIdentifier>{23041a44-8297-4d29-aa82-a97f557cb817}</UniqueIdentifier>
    </Filter>
  </ItemGroup>
  <ItemGroup>
    <ClCompile Include="Material\stdafx.cpp">
      <Filter>Kernel</Filter>
    </ClCompile>
    <ClCompile Include="Material\GameMtlLib.cpp">
      <Filter>Shared Files\Engine</Filter>
    </ClCompile>
    <ClCompile Include="Material\ELog.cpp">
      <Filter>Shared Files\Editor</Filter>
    </ClCompile>
    <ClCompile Include="Material\BlenderListLoader.cpp">
      <Filter>Shared Files\Plugins</Filter>
    </ClCompile>
    <ClCompile Include="Material\crc16.cpp">
      <Filter>Shader</Filter>
    </ClCompile>
    <ClCompile Include="Material\lambertShader.cpp">
      <Filter>Shader</Filter>
    </ClCompile>
  </ItemGroup>
  <ItemGroup>
    <None Include="Material\AElambertShaderTemplate.mel">
      <Filter>Shader</Filter>
    </None>
    <None Include="Material\AEXRayMtlTemplate.mel">
      <Filter>Shader</Filter>
    </None>
  </ItemGroup>
  <ItemGroup>
    <CustomBuild Include="Material\Stdafx.h">
      <Filter>Kernel</Filter>
    </CustomBuild>
    <CustomBuild Include="Material\GameMtlLib.h">
      <Filter>Shared Files\Engine</Filter>
    </CustomBuild>
    <CustomBuild Include="Material\Shader_xrLC.h">
      <Filter>Shared Files\Engine</Filter>
    </CustomBuild>
    <CustomBuild Include="Material\ELog.h">
      <Filter>Shared Files\Editor</Filter>
    </CustomBuild>
    <CustomBuild Include="Material\BlenderListLoader.h">
      <Filter>Shared Files\Plugins</Filter>
    </CustomBuild>
  </ItemGroup>
</Project>