<?xml version="1.0" encoding="utf-8"?>
<Project ToolsVersion="4.0" xmlns="http://schemas.microsoft.com/developer/msbuild/2003">
  <ItemGroup>
    <Filter Include="Kernel">
      <UniqueIdentifier>{9f775e94-b994-4070-a5d1-54b43b552493}</UniqueIdentifier>
    </Filter>
    <Filter Include="Shared Files">
      <UniqueIdentifier>{59aacd4d-923f-4770-b009-79cc8dc2e4ac}</UniqueIdentifier>
    </Filter>
    <Filter Include="Shared Files\Engine">
      <UniqueIdentifier>{2f008da1-a277-4d4e-b1ed-390961973829}</UniqueIdentifier>
    </Filter>
    <Filter Include="Shared Files\Editor">
      <UniqueIdentifier>{e9f1dca3-c727-4b4a-a076-5a0938f3b47f}</UniqueIdentifier>
    </Filter>
    <Filter Include="Export">
      <UniqueIdentifier>{10d496ef-1aba-4f43-b1aa-335801a58b93}</UniqueIdentifier>
    </Filter>
    <Filter Include="Export\Skin">
      <UniqueIdentifier>{604ad1fe-36df-464b-b47b-4db9230a72c8}</UniqueIdentifier>
    </Filter>
    <Filter Include="Export\Object">
      <UniqueIdentifier>{05331789-3619-427d-8c3f-831b839f064d}</UniqueIdentifier>
    </Filter>
  </ItemGroup>
  <ItemGroup>
    <ClCompile Include="Export\stdafx.cpp">
      <Filter>Kernel</Filter>
    </ClCompile>
    <ClCompile Include="Export\XRayExport.cpp">
      <Filter>Kernel</Filter>
    </ClCompile>
    <ClCompile Include="..\Shared\bone.cpp">
      <Filter>Shared Files\Engine</Filter>
    </ClCompile>
    <ClCompile Include="..\Shared\Envelope.cpp">
      <Filter>Shared Files\Engine</Filter>
    </ClCompile>
    <ClCompile Include="..\Shared\interp.cpp">
      <Filter>Shared Files\Engine</Filter>
    </ClCompile>
    <ClCompile Include="..\Shared\motion.cpp">
      <Filter>Shared Files\Engine</Filter>
    </ClCompile>
    <ClCompile Include="..\Shared\EditMesh.cpp">
      <Filter>Shared Files\Editor</Filter>
    </ClCompile>
    <ClCompile Include="..\Shared\EditMeshIO.cpp">
      <Filter>Shared Files\Editor</Filter>
    </ClCompile>
    <ClCompile Include="..\Shared\EditMeshModify.cpp">
      <Filter>Shared Files\Editor</Filter>
    </ClCompile>
    <ClCompile Include="..\Shared\EditObject.cpp">
      <Filter>Shared Files\Editor</Filter>
    </ClCompile>
    <ClCompile Include="..\Shared\EditObjectIO.cpp">
      <Filter>Shared Files\Editor</Filter>
    </ClCompile>
    <ClCompile Include="..\Shared\EditObjectMotions.cpp">
      <Filter>Shared Files\Editor</Filter>
    </ClCompile>
    <ClCompile Include="..\Shared\ELog.cpp">
      <Filter>Shared Files\Editor</Filter>
    </ClCompile>
    <ClCompile Include="Export\ExportDefines.cpp">
      <Filter>Export</Filter>
    </ClCompile>
    <ClCompile Include="Export\SmdBone.cpp">
      <Filter>Export\Skin</Filter>
    </ClCompile>
    <ClCompile Include="Export\SmdMaya.cpp">
      <Filter>Export\Skin</Filter>
    </ClCompile>
    <ClCompile Include="Export\SmdTriangle.cpp">
      <Filter>Export\Skin</Filter>
    </ClCompile>
    <ClCompile Include="Export\maTranslator.cpp">
      <Filter>Export\Object</Filter>
    </ClCompile>
    <ClCompile Include="Export\MayaExport.cpp">
      <Filter>Export\Object</Filter>
    </ClCompile>
  </ItemGroup>
  <ItemGroup>
    <ClInclude Include="Export\Stdafx.h">
      <Filter>Kernel</Filter>
    </ClInclude>
    <ClInclude Include="Export\bone.h">
      <Filter>Shared Files\Engine</Filter>
    </ClInclude>
    <ClInclude Include="Export\envelope.h">
      <Filter>Shared Files\Engine</Filter>
    </ClInclude>
    <ClInclude Include="Export\Fmesh.h">
      <Filter>Shared Files\Engine</Filter>
    </ClInclude>
    <ClInclude Include="Export\EditMesh.h">
      <Filter>Shared Files\Editor</Filter>
    </ClInclude>
    <ClInclude Include="Export\EditObject.h">
      <Filter>Shared Files\Editor</Filter>
    </ClInclude>
    <ClInclude Include="Export\ELog.h">
      <Filter>Shared Files\Editor</Filter>
    </ClInclude>
    <ClInclude Include="Export\motion.h">
      <Filter>Shared Files\Editor</Filter>
    </ClInclude>
    <ClInclude Include="Export\ExportDefines.h">
      <Filter>Export</Filter>
    </ClInclude>
  </ItemGroup>
  <ItemGroup>
    <None Include="Export\xraySkinExportOptions.mel">
      <Filter>Export\Skin</Filter>
    </None>
    <None Include="Export\xraySkinMotionExportOptions.mel">
      <Filter>Export\Skin</Filter>
    </None>
    <None Include="Export\xrayObjectExportOptions.mel">
      <Filter>Export\Object</Filter>
    </None>
  </ItemGroup>
  <ItemGroup>
    <CustomBuildStep Include="Export\SmdBone.h">
      <Filter>Export\Skin</Filter>
    </CustomBuildStep>
    <CustomBuildStep Include="Export\SmdMaya.h">
      <Filter>Export\Skin</Filter>
    </CustomBuildStep>
    <CustomBuildStep Include="Export\SmdTriangle.h">
      <Filter>Export\Skin</Filter>
    </CustomBuildStep>
    <CustomBuildStep Include="Export\maTranslator.h">
      <Filter>Export\Object</Filter>
    </CustomBuildStep>
  </ItemGroup>
</Project>