<?xml version="1.0" encoding="utf-8"?>
<Project ToolsVersion="4.0" xmlns="http://schemas.microsoft.com/developer/msbuild/2003">
  <ItemGroup>
    <Filter Include="Kernel">
      <UniqueIdentifier>{8027724a-fdec-4d59-a597-078288082d83}</UniqueIdentifier>
    </Filter>
    <Filter Include="Shared Files">
      <UniqueIdentifier>{b30cf884-7bf2-4d16-9439-e57305e24460}</UniqueIdentifier>
    </Filter>
    <Filter Include="Shared Files\Engine">
      <UniqueIdentifier>{1163267f-c7a0-4587-923f-e969f8038c2f}</UniqueIdentifier>
    </Filter>
    <Filter Include="Shared Files\Editor">
      <UniqueIdentifier>{45e4e2cb-98e7-4442-aa71-cbd04c6c2511}</UniqueIdentifier>
    </Filter>
    <Filter Include="Shared Files\Server">
      <UniqueIdentifier>{238374c2-2897-47d6-81a8-dde9e32f078d}</UniqueIdentifier>
    </Filter>
    <Filter Include="Export">
      <UniqueIdentifier>{f87d0a8b-e849-4d9b-b768-fed8fdb4e53c}</UniqueIdentifier>
    </Filter>
    <Filter Include="Export\SceneScan">
      <UniqueIdentifier>{74cba151-2a5f-4c4a-a0f1-f6626bdeb7ae}</UniqueIdentifier>
    </Filter>
    <Filter Include="Export\LWO">
      <UniqueIdentifier>{edb9bfd0-6796-4f6d-9dea-ca3459aae434}</UniqueIdentifier>
    </Filter>
  </ItemGroup>
  <ItemGroup>
    <ClCompile Include="Export\stdafx.cpp">
      <Filter>Kernel</Filter>
    </ClCompile>
    <ClCompile Include="Export\bone.cpp">
      <Filter>Shared Files\Engine</Filter>
    </ClCompile>
    <ClCompile Include="Export\Envelope.cpp">
      <Filter>Shared Files\Engine</Filter>
    </ClCompile>
    <ClCompile Include="Export\interp.cpp">
      <Filter>Shared Files\Engine</Filter>
    </ClCompile>
    <ClCompile Include="Export\motion.cpp">
      <Filter>Shared Files\Engine</Filter>
    </ClCompile>
    <ClCompile Include="Export\EditMesh.cpp">
      <Filter>Shared Files\Editor</Filter>
    </ClCompile>
    <ClCompile Include="Export\EditMeshIO.cpp">
      <Filter>Shared Files\Editor</Filter>
    </ClCompile>
    <ClCompile Include="Export\EditMeshModify.cpp">
      <Filter>Shared Files\Editor</Filter>
    </ClCompile>
    <ClCompile Include="Export\EditObject.cpp">
      <Filter>Shared Files\Editor</Filter>
    </ClCompile>
    <ClCompile Include="Export\EditObjectImport.cpp">
      <Filter>Shared Files\Editor</Filter>
    </ClCompile>
    <ClCompile Include="Export\EditObjectImportDB.cpp">
      <Filter>Shared Files\Editor</Filter>
    </ClCompile>
    <ClCompile Include="Export\EditObjectIO.cpp">
      <Filter>Shared Files\Editor</Filter>
    </ClCompile>
    <ClCompile Include="Export\EditObjectMotions.cpp">
      <Filter>Shared Files\Editor</Filter>
    </ClCompile>
    <ClCompile Include="Export\ELog.cpp">
      <Filter>Shared Files\Editor</Filter>
    </ClCompile>
    <ClCompile Include="Server\servmain.c">
      <Filter>Shared Files\Server</Filter>
    </ClCompile>
    <ClCompile Include="Export\bone_lw.cpp">
      <Filter>Export</Filter>
    </ClCompile>
    <ClCompile Include="Export\envtest.c">
      <Filter>Export</Filter>
    </ClCompile>
    <ClCompile Include="Export\LW_export_keys.cpp">
      <Filter>Export</Filter>
    </ClCompile>
    <ClCompile Include="Export\LW_export_motion.cpp">
      <Filter>Export</Filter>
    </ClCompile>
    <ClCompile Include="Export\LW_export_object.cpp">
      <Filter>Export</Filter>
    </ClCompile>
    <ClCompile Include="Export\motion_lw.cpp">
      <Filter>Export</Filter>
    </ClCompile>
    <ClCompile Include="Export\scenscan\objectdb.cpp">
      <Filter>Export\SceneScan</Filter>
    </ClCompile>
    <ClCompile Include="Export\scenscan\ptsearch.cpp">
      <Filter>Export\SceneScan</Filter>
    </ClCompile>
    <ClCompile Include="Export\scenscan\surface.cpp">
      <Filter>Export\SceneScan</Filter>
    </ClCompile>
    <ClCompile Include="Export\scenscan\vecmat.cpp">
      <Filter>Export\SceneScan</Filter>
    </ClCompile>
    <ClCompile Include="Export\scenscan\vmap.cpp">
      <Filter>Export\SceneScan</Filter>
    </ClCompile>
    <ClCompile Include="Export\LWO\clip.c">
      <Filter>Export\LWO</Filter>
    </ClCompile>
    <ClCompile Include="Export\LWO\envelope.c">
      <Filter>Export\LWO</Filter>
    </ClCompile>
    <ClCompile Include="Export\LWO\list.c">
      <Filter>Export\LWO</Filter>
    </ClCompile>
    <ClCompile Include="Export\LWO\lwio.c">
      <Filter>Export\LWO</Filter>
    </ClCompile>
    <ClCompile Include="Export\LWO\lwo2.c">
      <Filter>Export\LWO</Filter>
    </ClCompile>
    <ClCompile Include="Export\LWO\lwob.c">
      <Filter>Export\LWO</Filter>
    </ClCompile>
    <ClCompile Include="Export\LWO\pntspols.c">
      <Filter>Export\LWO</Filter>
    </ClCompile>
    <ClCompile Include="Export\LWO\surface.c">
      <Filter>Export\LWO</Filter>
    </ClCompile>
    <ClCompile Include="Export\LWO\vecmath.c">
      <Filter>Export\LWO</Filter>
    </ClCompile>
    <ClCompile Include="Export\LWO\vmap.c">
      <Filter>Export\LWO</Filter>
    </ClCompile>
  </ItemGroup>
  <ItemGroup>
    <ClInclude Include="Export\stdafx.h">
      <Filter>Kernel</Filter>
    </ClInclude>
    <ClInclude Include="Export\bone.h">
      <Filter>Shared Files\Engine</Filter>
    </ClInclude>
    <ClInclude Include="Export\envelope.h">
      <Filter>Shared Files\Engine</Filter>
    </ClInclude>
    <ClInclude Include="Export\Fmesh.h">
      <Filter>Shared Files\Engine</Filter>
    </ClInclude>
    <ClInclude Include="Export\motion.h">
      <Filter>Shared Files\Engine</Filter>
    </ClInclude>
    <ClInclude Include="Export\EditMesh.h">
      <Filter>Shared Files\Editor</Filter>
    </ClInclude>
    <ClInclude Include="Export\EditObject.h">
      <Filter>Shared Files\Editor</Filter>
    </ClInclude>
    <ClInclude Include="Export\ELog.h">
      <Filter>Shared Files\Editor</Filter>
    </ClInclude>
    <ClInclude Include="Export\LW_ShaderDef.h">
      <Filter>Shared Files\Editor</Filter>
    </ClInclude>
    <ClInclude Include="Export\SceneObject.h">
      <Filter>Shared Files\Editor</Filter>
    </ClInclude>
    <ClInclude Include="Export\lwo2.h">
      <Filter>Export</Filter>
    </ClInclude>
    <ClInclude Include="Export\resource.h">
      <Filter>Export</Filter>
    </ClInclude>
    <ClInclude Include="Export\scenscan\objectdb.h">
      <Filter>Export\SceneScan</Filter>
    </ClInclude>
    <ClInclude Include="Export\scenscan\scenscan.h">
      <Filter>Export\SceneScan</Filter>
    </ClInclude>
    <ClInclude Include="Export\scenscan\vecmat.h">
      <Filter>Export\SceneScan</Filter>
    </ClInclude>
    <ClInclude Include="Export\LWO\envelope.h">
      <Filter>Export\LWO</Filter>
    </ClInclude>
    <ClInclude Include="Export\LWO\lwo2.h">
      <Filter>Export\LWO</Filter>
    </ClInclude>
  </ItemGroup>
</Project>