<?xml version="1.0" encoding="utf-8"?>
<Project ToolsVersion="4.0" xmlns="http://schemas.microsoft.com/developer/msbuild/2003">
  <ItemGroup>
    <Filter Include="Kernel">
      <UniqueIdentifier>{d49beafa-de21-42da-a90f-82e3dfe68983}</UniqueIdentifier>
    </Filter>
    <Filter Include="Shared Files">
      <UniqueIdentifier>{7f713bc7-0a4c-420c-b13f-c8642b902701}</UniqueIdentifier>
    </Filter>
    <Filter Include="Shared Files\Engine">
      <UniqueIdentifier>{253962df-a50a-4301-b121-f5b86c27c1cd}</UniqueIdentifier>
    </Filter>
    <Filter Include="Shared Files\Editor">
      <UniqueIdentifier>{bed3a671-6f5e-409a-85ee-d3b3f5d56162}</UniqueIdentifier>
    </Filter>
    <Filter Include="Shared Files\Server">
      <UniqueIdentifier>{17e6e449-5e0e-4a1a-9363-ddaf46b2bbe0}</UniqueIdentifier>
    </Filter>
    <Filter Include="Export">
      <UniqueIdentifier>{48d044d1-9f89-4f81-b7ac-e540db5b4851}</UniqueIdentifier>
    </Filter>
    <Filter Include="Export\SceneScan">
      <UniqueIdentifier>{5e102f4b-c916-4071-a0f3-163c8d8001b7}</UniqueIdentifier>
    </Filter>
    <Filter Include="Export\LWO">
      <UniqueIdentifier>{1109c4f7-6052-4cb0-9a8c-df309f0e00f3}</UniqueIdentifier>
    </Filter>
  </ItemGroup>
  <ItemGroup>
    <ClCompile Include="Export\stdafx.cpp">
      <Filter>Kernel</Filter>
    </ClCompile>
    <ClCompile Include="..\Shared\bone.cpp">
      <Filter>Shared Files\Engine</Filter>
    </ClCompile>
    <ClCompile Include="..\Shared\Envelope.cpp">
      <Filter>Shared Files\Engine</Filter>
    </ClCompile>
    <ClCompile Include="..\Shared\interp.cpp">
      <Filter>Shared Files\Engine</Filter>
    </ClCompile>
    <ClCompile Include="..\Shared\motion.cpp">
      <Filter>Shared Files\Engine</Filter>
    </ClCompile>
    <ClCompile Include="..\Shared\EditMesh.cpp">
      <Filter>Shared Files\Editor</Filter>
    </ClCompile>
    <ClCompile Include="..\Shared\EditMeshIO.cpp">
      <Filter>Shared Files\Editor</Filter>
    </ClCompile>
    <ClCompile Include="..\Shared\EditMeshModify.cpp">
      <Filter>Shared Files\Editor</Filter>
    </ClCompile>
    <ClCompile Include="..\Shared\EditObject.cpp">
      <Filter>Shared Files\Editor</Filter>
    </ClCompile>
    <ClCompile Include="Export\EditObjectImport.cpp">
      <Filter>Shared Files\Editor</Filter>
    </ClCompile>
    <ClCompile Include="Export\EditObjectImportDB.cpp">
      <Filter>Shared Files\Editor</Filter>
    </ClCompile>
    <ClCompile Include="..\Shared\EditObjectIO.cpp">
      <Filter>Shared Files\Editor</Filter>
    </ClCompile>
    <ClCompile Include="..\Shared\EditObjectMotions.cpp">
      <Filter>Shared Files\Editor</Filter>
    </ClCompile>
    <ClCompile Include="..\Shared\ELog.cpp">
      <Filter>Shared Files\Editor</Filter>
    </ClCompile>
    <ClCompile Include="Server\servmain.c">
      <Filter>Shared Files\Server</Filter>
    </ClCompile>
    <ClCompile Include="Export\bone_lw.cpp">
      <Filter>Export</Filter>
    </ClCompile>
    <ClCompile Include="Export\envtest.c">
      <Filter>Export</Filter>
    </ClCompile>
    <ClCompile Include="Export\LW_export_keys.cpp">
      <Filter>Export</Filter>
    </ClCompile>
    <ClCompile Include="Export\LW_export_motion.cpp">
      <Filter>Export</Filter>
    </ClCompile>
    <ClCompile Include="Export\LW_export_object.cpp">
      <Filter>Export</Filter>
    </ClCompile>
    <ClCompile Include="Export\motion_lw.cpp">
      <Filter>Export</Filter>
    </ClCompile>
    <ClCompile Include="Export\scenscan\objectdb.cpp">
      <Filter>Export\SceneScan</Filter>
    </ClCompile>
    <ClCompile Include="Export\scenscan\ptsearch.cpp">
      <Filter>Export\SceneScan</Filter>
    </ClCompile>
    <ClCompile Include="Export\scenscan\surface.cpp">
      <Filter>Export\SceneScan</Filter>
    </ClCompile>
    <ClCompile Include="Export\scenscan\vecmat.cpp">
      <Filter>Export\SceneScan</Filter>
    </ClCompile>
    <ClCompile Include="Export\scenscan\vmap.cpp">
      <Filter>Export\SceneScan</Filter>
    </ClCompile>
    <ClCompile Include="Export\LWO\clip.c">
      <Filter>Export\LWO</Filter>
    </ClCompile>
    <ClCompile Include="Export\LWO\envelope.c">
      <Filter>Export\LWO</Filter>
    </ClCompile>
    <ClCompile Include="Export\LWO\list.c">
      <Filter>Export\LWO</Filter>
    </ClCompile>
    <ClCompile Include="Export\LWO\lwio.c">
      <Filter>Export\LWO</Filter>
    </ClCompile>
    <ClCompile Include="Export\LWO\lwo2.c">
      <Filter>Export\LWO</Filter>
    </ClCompile>
    <ClCompile Include="Export\LWO\lwob.c">
      <Filter>Export\LWO</Filter>
    </ClCompile>
    <ClCompile Include="Export\LWO\pntspols.c">
      <Filter>Export\LWO</Filter>
    </ClCompile>
    <ClCompile Include="Export\LWO\surface.c">
      <Filter>Export\LWO</Filter>
    </ClCompile>
    <ClCompile Include="Export\LWO\vecmath.c">
      <Filter>Export\LWO</Filter>
    </ClCompile>
    <ClCompile Include="Export\LWO\vmap.c">
      <Filter>Export\LWO</Filter>
    </ClCompile>
  </ItemGroup>
  <ItemGroup>
    <ClInclude Include="Export\stdafx.h">
      <Filter>Kernel</Filter>
    </ClInclude>
    <ClInclude Include="..\Shared\bone.h">
      <Filter>Shared Files\Engine</Filter>
    </ClInclude>
    <ClInclude Include="..\Shared\envelope.h">
      <Filter>Shared Files\Engine</Filter>
    </ClInclude>
    <ClInclude Include="Export\Fmesh.h">
      <Filter>Shared Files\Engine</Filter>
    </ClInclude>
    <ClInclude Include="..\Shared\motion.h">
      <Filter>Shared Files\Engine</Filter>
    </ClInclude>
    <ClInclude Include="..\Shared\EditMesh.h">
      <Filter>Shared Files\Editor</Filter>
    </ClInclude>
    <ClInclude Include="Export\EditObject.h">
      <Filter>Shared Files\Editor</Filter>
    </ClInclude>
    <ClInclude Include="..\Shared\ELog.h">
      <Filter>Shared Files\Editor</Filter>
    </ClInclude>
    <ClInclude Include="Export\LW_ShaderDef.h">
      <Filter>Shared Files\Editor</Filter>
    </ClInclude>
    <ClInclude Include="Export\SceneObject.h">
      <Filter>Shared Files\Editor</Filter>
    </ClInclude>
    <ClInclude Include="Export\lwo2.h">
      <Filter>Export</Filter>
    </ClInclude>
    <ClInclude Include="Export\resource.h">
      <Filter>Export</Filter>
    </ClInclude>
    <ClInclude Include="Export\scenscan\objectdb.h">
      <Filter>Export\SceneScan</Filter>
    </ClInclude>
    <ClInclude Include="Export\scenscan\scenscan.h">
      <Filter>Export\SceneScan</Filter>
    </ClInclude>
    <ClInclude Include="Export\scenscan\vecmat.h">
      <Filter>Export\SceneScan</Filter>
    </ClInclude>
    <ClInclude Include="Export\LWO\envelope.h">
      <Filter>Export\LWO</Filter>
    </ClInclude>
    <ClInclude Include="Export\LWO\lwo2.h">
      <Filter>Export\LWO</Filter>
    </ClInclude>
  </ItemGroup>
</Project>